<?xml version="1.0" encoding="utf-8"?>
<Project ToolsVersion="4.0" xmlns="http://schemas.microsoft.com/developer/msbuild/2003">
  <ItemGroup>
    <Filter Include="소스 파일">
      <UniqueIdentifier>{4FC737F1-C7A5-4376-A066-2A32D752A2FF}</UniqueIdentifier>
      <Extensions>cpp;c;cc;cxx;def;odl;idl;hpj;bat;asm;asmx</Extensions>
    </Filter>
    <Filter Include="헤더 파일">
      <UniqueIdentifier>{93995380-89BD-4b04-88EB-625FBE52EBFB}</UniqueIdentifier>
      <Extensions>h;hh;hpp;hxx;hm;inl;inc;xsd</Extensions>
    </Filter>
    <Filter Include="리소스 파일">
      <UniqueIdentifier>{67DA6AB6-F800-4c08-8B7A-83BB121AAD01}</UniqueIdentifier>
      <Extensions>rc;ico;cur;bmp;dlg;rc2;rct;bin;rgs;gif;jpg;jpeg;jpe;resx;tiff;tif;png;wav;mfcribbon-ms</Extensions>
    </Filter>
  </ItemGroup>
  <ItemGroup>
    <Text Include="ReadMe.txt" />
  </ItemGroup>
  <ItemGroup>
    <ClInclude Include="MFCApplication3.h">
      <Filter>헤더 파일</Filter>
    </ClInclude>
    <ClInclude Include="stdafx.h">
      <Filter>헤더 파일</Filter>
    </ClInclude>
    <ClInclude Include="targetver.h">
      <Filter>헤더 파일</Filter>
    </ClInclude>
    <ClInclude Include="MainFrm.h">
      <Filter>헤더 파일</Filter>
    </ClInclude>
    <ClInclude Include="MFCApplication3Doc.h">
      <Filter>헤더 파일</Filter>
    </ClInclude>
    <ClInclude Include="MFCApplication3View.h">
      <Filter>헤더 파일</Filter>
    </ClInclude>
    <ClInclude Include="Resource.h">
      <Filter>헤더 파일</Filter>
    </ClInclude>
    <ClInclude Include="SubDialog.h">
      <Filter>헤더 파일</Filter>
    </ClInclude>
    <ClInclude Include="SubDialog2.h">
      <Filter>헤더 파일</Filter>
    </ClInclude>
  </ItemGroup>
  <ItemGroup>
    <ClCompile Include="MFCApplication3.cpp">
      <Filter>소스 파일</Filter>
    </ClCompile>
    <ClCompile Include="stdafx.cpp">
      <Filter>소스 파일</Filter>
    </ClCompile>
    <ClCompile Include="MainFrm.cpp">
      <Filter>소스 파일</Filter>
    </ClCompile>
    <ClCompile Include="MFCApplication3Doc.cpp">
      <Filter>소스 파일</Filter>
    </ClCompile>
    <ClCompile Include="MFCApplication3View.cpp">
      <Filter>소스 파일</Filter>
    </ClCompile>
    <ClCompile Include="SubDialog.cpp">
      <Filter>소스 파일</Filter>
    </ClCompile>
    <ClCompile Include="SubDialog2.cpp">
      <Filter>소스 파일</Filter>
    </ClCompile>
  </ItemGroup>
  <ItemGroup>
    <ResourceCompile Include="MFCApplication3.rc">
      <Filter>리소스 파일</Filter>
    </ResourceCompile>
  </ItemGroup>
  <ItemGroup>
    <None Include="res\MFCApplication3.rc2">
      <Filter>리소스 파일</Filter>
    </None>
    <None Include="ClassDiagram.cd" />
  </ItemGroup>
  <ItemGroup>
    <Image Include="res\MFCApplication3Doc.ico">
      <Filter>리소스 파일</Filter>
    </Image>
    <Image Include="res\MFCApplication3.ico">
      <Filter>리소스 파일</Filter>
    </Image>
    <Image Include="res\Toolbar.bmp">
      <Filter>리소스 파일</Filter>
    </Image>
    <Image Include="..\..\..\..\..\Desktop\시작.bmp">
      <Filter>리소스 파일</Filter>
    </Image>
    <Image Include="..\..\..\..\..\Desktop\Start.bmp">
      <Filter>리소스 파일</Filter>
    </Image>
    <Image Include="..\..\..\..\..\Desktop\배경.bmp">
      <Filter>리소스 파일</Filter>
    </Image>
    <Image Include="..\..\..\..\..\Desktop\전체배경.bmp">
      <Filter>리소스 파일</Filter>
    </Image>
    <Image Include="..\사치코우메_짤1.bmp">
      <Filter>리소스 파일</Filter>
    </Image>
    <Image Include="..\미친놈이.bmp">
      <Filter>리소스 파일</Filter>
    </Image>
    <Image Include="..\background.bmp">
      <Filter>리소스 파일</Filter>
    </Image>
    <Image Include="..\Start.bmp">
      <Filter>리소스 파일</Filter>
    </Image>
    <Image Include="..\배경.bmp">
      <Filter>리소스 파일</Filter>
    </Image>
    <Image Include="..\전체배경.bmp">
      <Filter>리소스 파일</Filter>
    </Image>
    <Image Include="..\BAEK.bmp">
      <Filter>리소스 파일</Filter>
    </Image>
    <Image Include="..\BAEK_RED.bmp">
      <Filter>리소스 파일</Filter>
    </Image>
    <Image Include="..\HYUK.bmp">
      <Filter>리소스 파일</Filter>
    </Image>
    <Image Include="..\HYUK_RED.bmp">
      <Filter>리소스 파일</Filter>
    </Image>
    <Image Include="..\마유U2.bmp">
      <Filter>리소스 파일</Filter>
    </Image>
    <Image Include="..\우주.bmp">
      <Filter>리소스 파일</Filter>
    </Image>
    <Image Include="..\죽창.bmp">
      <Filter>리소스 파일</Filter>
    </Image>
    <Image Include="res\image\Start.bmp">
      <Filter>리소스 파일</Filter>
    </Image>
    <Image Include="res\image\배경.bmp">
      <Filter>리소스 파일</Filter>
    </Image>
    <Image Include="res\image\전체배경.bmp">
      <Filter>리소스 파일</Filter>
    </Image>
    <Image Include="res\image\사치코우메_짤1.bmp">
      <Filter>리소스 파일</Filter>
    </Image>
    <Image Include="res\image\미친놈이.bmp">
      <Filter>리소스 파일</Filter>
    </Image>
    <Image Include="res\image\BAEK.bmp">
      <Filter>리소스 파일</Filter>
    </Image>
    <Image Include="res\image\BAEK_RED.bmp">
      <Filter>리소스 파일</Filter>
    </Image>
    <Image Include="res\image\HYUK.bmp">
      <Filter>리소스 파일</Filter>
    </Image>
    <Image Include="res\image\HYUK_RED.bmp">
      <Filter>리소스 파일</Filter>
    </Image>
    <Image Include="res\image\우주.bmp">
      <Filter>리소스 파일</Filter>
    </Image>
    <Image Include="res\image\죽창.bmp">
      <Filter>리소스 파일</Filter>
    </Image>
    <Image Include="res\image\그림16.bmp">
      <Filter>리소스 파일</Filter>
    </Image>
    <Image Include="res\image\그림17.bmp">
      <Filter>리소스 파일</Filter>
    </Image>
    <Image Include="res\image\그림18.bmp">
      <Filter>리소스 파일</Filter>
    </Image>
    <Image Include="res\image\캡처.bmp">
      <Filter>리소스 파일</Filter>
    </Image>
    <Image Include="res\image\캡처2.bmp">
      <Filter>리소스 파일</Filter>
    </Image>
    <Image Include="res\image\캡처 (1).bmp">
      <Filter>리소스 파일</Filter>
    </Image>
    <Image Include="res\image\purty-wood-patterns-54743.bmp">
      <Filter>리소스 파일</Filter>
    </Image>
    <Image Include="res\image\computer.bmp">
      <Filter>리소스 파일</Filter>
    </Image>
    <Image Include="res\image\player1.bmp">
      <Filter>리소스 파일</Filter>
    </Image>
    <Image Include="res\image\player2.bmp">
      <Filter>리소스 파일</Filter>
    </Image>
    <Image Include="res\image\bitmap2.bmp">
      <Filter>리소스 파일</Filter>
    </Image>
    <Image Include="res\image\back.bmp">
      <Filter>리소스 파일</Filter>
    </Image>
  </ItemGroup>
</Project>